{
  "projects": [
    {
      "projectId": "4eWbh43PNAB2T1MHTSCaMY",
      "version": "latest",
      "dependencies": {
        "28Ba3BDvRe7EiWdfFNnLB6": "2.0.1",
        "5dGW8Awro3qq8Hh5MveXLP": "0.0.2",
        "84wxoth5npGrp6RRXPL88z": "4.0.1",
        "58GpZjZCWTaJ8AUhpCwt2K": "2.1.2",
        "7nJ7UcFmq9UzB6eXfC5z4a": "0.0.2",
        "enk3K4vZ6pmH6kVCoZJXGn": "3.0.2",
        "caTPwKxj5ZrD9LQ7DMdK4Z": "2.2.1"
      },
      "lang": "js",
      "fileLocks": [
        {
          "type": "globalVariant",
          "assetId": "AQ6NwC75dE-93",
          "checksum": "f7a427029f63899353d14efe1d8ab85f"
        },
        {
          "type": "renderModule",
          "assetId": "qiACIIf0xms7",
          "checksum": "f06189f91a20673b011d3df02564eb3d"
        },
        {
          "type": "cssRules",
          "assetId": "qiACIIf0xms7",
          "checksum": "f06189f91a20673b011d3df02564eb3d"
        },
        {
          "assetId": "4eWbh43PNAB2T1MHTSCaMY",
          "type": "projectCss",
          "checksum": "a34c340e943d2b8fa22872df30fa2277"
        },
        {
          "assetId": "4eWbh43PNAB2T1MHTSCaMY",
          "checksum": "8792d50983631631dca17e4406586836",
          "type": "globalContexts"
        },
        {
          "type": "renderModule",
          "assetId": "HHZYSLp4mTA",
          "checksum": "0ee1c5668b9cd3fdc064094310653044"
        },
        {
          "type": "cssRules",
          "assetId": "HHZYSLp4mTA",
          "checksum": "0ee1c5668b9cd3fdc064094310653044"
        },
        {
          "type": "icon",
          "assetId": "6V-TcPoJc",
          "checksum": "da18f7dae9e64ad439d00e4b0a945c6b"
        },
        {
          "type": "icon",
          "assetId": "mwceYptHL9E",
          "checksum": "ff32139d91d53e62aee5ebf28d270b20"
        },
        {
          "type": "icon",
          "assetId": "HfMjhmTg3Du",
          "checksum": "de778ec407dba771fb1bcbbef053399a"
        },
        {
          "type": "image",
          "assetId": "NtMpiX0jm",
          "checksum": "85b1cb16253af1cac184a6daa7e8054f"
        },
        {
          "type": "image",
          "assetId": "VegU93e2o",
          "checksum": "99de2120bca5eba15498d8fcd5f89490"
        },
        {
          "type": "image",
          "assetId": "S0SBsdFWjVs",
          "checksum": "88ad9c06ea881462888ef6944b32ab18"
        }
      ],
      "codegenVersion": "0.0.1"
    },
    {
      "projectId": "caTPwKxj5ZrD9LQ7DMdK4Z",
      "version": "2.2.1",
      "dependencies": {},
      "lang": "js",
      "fileLocks": [
        {
          "type": "globalVariant",
          "assetId": "q2e6W8ulGYz",
          "checksum": "c0cddb7dd09c65236628d522d52af1a3"
        },
        {
          "assetId": "caTPwKxj5ZrD9LQ7DMdK4Z",
          "type": "projectCss",
          "checksum": "01ebcf70a051dcbfad8268ecd0dac58a"
        }
      ],
      "codegenVersion": "0.0.1"
    },
    {
      "projectId": "enk3K4vZ6pmH6kVCoZJXGn",
      "version": "3.0.2",
      "dependencies": {},
      "lang": "js",
      "fileLocks": [
        {
          "assetId": "enk3K4vZ6pmH6kVCoZJXGn",
          "type": "projectCss",
          "checksum": "3e4a5a9396306e4c892e1d5dfd5675ac"
        }
      ],
      "codegenVersion": "0.0.1"
    },
    {
      "projectId": "7nJ7UcFmq9UzB6eXfC5z4a",
      "version": "0.0.2",
      "dependencies": {},
      "lang": "js",
      "fileLocks": [
        {
          "assetId": "7nJ7UcFmq9UzB6eXfC5z4a",
          "type": "projectCss",
          "checksum": "710c1ca5876b712e5c086ae35db0bac2"
        }
      ],
      "codegenVersion": "0.0.1"
    },
    {
      "projectId": "58GpZjZCWTaJ8AUhpCwt2K",
      "version": "2.1.2",
      "dependencies": {},
      "lang": "js",
      "fileLocks": [
        {
          "assetId": "58GpZjZCWTaJ8AUhpCwt2K",
          "type": "projectCss",
          "checksum": "b9208ebde07664c511843b91e5845954"
        }
      ],
      "codegenVersion": "0.0.1"
    },
    {
      "projectId": "84wxoth5npGrp6RRXPL88z",
      "version": "4.0.1",
      "dependencies": {},
      "lang": "js",
      "fileLocks": [
        {
          "assetId": "84wxoth5npGrp6RRXPL88z",
          "type": "projectCss",
          "checksum": "5c8ed3f9d21de61cb1f7d14b9fa7a39a"
        },
        {
          "assetId": "84wxoth5npGrp6RRXPL88z",
          "checksum": "96a6914c3505128734b325290a18cb2c",
          "type": "globalContexts"
        }
      ],
      "codegenVersion": "0.0.1"
    },
    {
      "projectId": "5dGW8Awro3qq8Hh5MveXLP",
      "version": "0.0.2",
      "dependencies": {},
      "lang": "js",
      "fileLocks": [
        {
          "assetId": "5dGW8Awro3qq8Hh5MveXLP",
          "type": "projectCss",
          "checksum": "9d1a33ec408d447aa79c3c648704ad5c"
        }
      ],
      "codegenVersion": "0.0.1"
    },
    {
      "projectId": "28Ba3BDvRe7EiWdfFNnLB6",
      "version": "2.0.1",
      "dependencies": {},
      "lang": "js",
      "fileLocks": [
        {
          "assetId": "28Ba3BDvRe7EiWdfFNnLB6",
          "type": "projectCss",
          "checksum": "06dab28be1d7e0fe1dcd6bae7d78adeb"
        }
      ],
      "codegenVersion": "0.0.1"
    }
  ],
  "cliVersion": "0.1.178"
}
